schemaVersion: 1
components:
  - {path: NFs/nrf, remote: "https://github.com/Intelligent-Systems-Lab/nrf.git", branch: main, commit: 0dd4024d4ab75b6630e04901968228b9b9718cf5}
  - {path: NFs/nwdaf, remote: "https://github.com/Intelligent-Systems-Lab/NWDAF.git", branch: master, commit: 3f30ccc25ad916df37660feacc8f33a743d83df3}
  - {path: NFs/adrf, remote: "https://github.com/Intelligent-Systems-Lab/adrf.git", branch: main, commit: 6e2d5a9787111b31ebb531e67311ff0fe130b25e}
  - {path: ML/PyMTLF, remote: "https://github.com/Intelligent-Systems-Lab/PyMTLF.git", branch: main, commit: f8e63137c4f9ae9e7e046e629f8895d9154f139c}
