schemaVersion: 1
components:
  - {path: NFs/amf, remote: "https://github.com/free5gc/amf.git", branch: main, commit: 6171a685a618c03c111833b6e9bfa217a53dcdeb}
  - {path: NFs/ausf, remote: "https://github.com/free5gc/ausf.git", branch: main, commit: b74ee7dafec5975e3440ae95125994565cfb0496}
  - {path: NFs/nrf, remote: "https://github.com/Intelligent-Systems-Lab/nrf.git", branch: feat/r18-nwdaf-discovery, commit: 0dd4024d4ab75b6630e04901968228b9b9718cf5}
  - {path: NFs/nssf, remote: "https://github.com/free5gc/nssf.git", branch: main, commit: 720c4b49938a3fc0b38b8032ba4bd0cd0d199b62}
  - {path: NFs/pcf, remote: "https://github.com/free5gc/pcf.git", branch: main, commit: b7654fffd8dfaa9d8d9a3b9a74aee296a9555b8b}
  - {path: NFs/smf, remote: "https://github.com/Intelligent-Systems-Lab/smf-nwdaf-ext.git", branch: feat/r18-federated-learning, commit: 128b0ec6157238efe4203e2060415728599ada04}
  - {path: NFs/udm, remote: "https://github.com/Intelligent-Systems-Lab/udm.git", branch: feat/r18-federated-learning, commit: b8db49ee8c2fdae8f686562ae6a941a232e80ad3}
  - {path: NFs/udr, remote: "https://github.com/Intelligent-Systems-Lab/udr.git", branch: feat/r18-federated-learning, commit: bf447744345fe238092588f105a57d2484f5f1b7}
  - {path: NFs/upf, remote: "https://github.com/Intelligent-Systems-Lab/go-upf.git", branch: fix/r18-nupf-event-exposure-contract, commit: 234bae063ffb6a7c99b361bfcdb2bda9452af1f1}
  - {path: NFs/nwdaf, remote: "https://github.com/Intelligent-Systems-Lab/NWDAF.git", branch: feat/r18-hierarchical-federated-learning, commit: 6aed268d6528f8be6c729cbd45b59d067e5e80dc}
  - {path: NFs/adrf, remote: "https://github.com/Intelligent-Systems-Lab/adrf.git", branch: feat/r18-federated-learning, commit: 905f0599f68fe389bba14ed56db0ef9abeab5ccd}
  - {path: ML/PyAnLF, remote: "https://github.com/Intelligent-Systems-Lab/PyAnLF.git", branch: feat/r18-federated-learning, commit: 6a4d94ad3cc6f66dac55ea921772d731e4b71371}
  - {path: ML/PyMTLF, remote: "https://github.com/Intelligent-Systems-Lab/PyMTLF.git", branch: feat/r18-hierarchical-federated-learning, commit: 747962971b63f0a53031d52a1eb7e047ae776998}
  - {path: RAN/UERANSIM, remote: "https://github.com/aligungr/UERANSIM.git", branch: master, commit: 2a3ef81f189ca95d5c1996a28ed7af9734f5cfb4}
  - {path: kernel/gtp5g, remote: "https://github.com/free5gc/gtp5g.git", tag: v0.9.16, commit: 8d723c29fc0de3eeeff3e9a91132838579e8ee1b}
  - {path: webconsole, remote: "https://github.com/free5gc/webconsole.git", branch: main, commit: 70d282f80e285d1fbae38f48c5c4ffefebde9944, optional: true}
